
Microsoft Visual Studio Solution File, Format Version 12.00
# Visual Studio Version 16
VisualStudioVersion = 16.0.30717.126
MinimumVisualStudioVersion = 10.0.40219.1
Project("{9A19103F-16F7-4668-BE54-9A1E7A4F7556}") = "tic-tac-sharp", "tic-tac-sharp.csproj", "{E0499919-2F7F-4189-A2A2-08FFD65EC986}"
EndProject
Global
	GlobalSection(SolutionConfigurationPlatforms) = preSolution
		Debug|Any CPU = Debug|Any CPU
		Release|Any CPU = Release|Any CPU
	EndGlobalSection
	GlobalSection(ProjectConfigurationPlatforms) = postSolution
		{E0499919-2F7F-4189-A2A2-08FFD65EC986}.Debug|Any CPU.ActiveCfg = Debug|Any CPU
		{E0499919-2F7F-4189-A2A2-08FFD65EC986}.Debug|Any CPU.Build.0 = Debug|Any CPU
		{E0499919-2F7F-4189-A2A2-08FFD65EC986}.Release|Any CPU.ActiveCfg = Release|Any CPU
		{E0499919-2F7F-4189-A2A2-08FFD65EC986}.Release|Any CPU.Build.0 = Release|Any CPU
	EndGlobalSection
	GlobalSection(SolutionProperties) = preSolution
		HideSolutionNode = FALSE
	EndGlobalSection
	GlobalSection(ExtensibilityGlobals) = postSolution
		SolutionGuid = {26B860E0-BB9A-4826-B0BF-9207320C5E4E}
	EndGlobalSection
EndGlobal
